// !$*UTF8*$!
{
	archiveVersion = 1;
	classes = {
	};
	objectVersion = 45;
	objects = {

/* Begin PBXBuildFile section */
		8DD76F9A0486AA7600D96B5E /* video_gpu.mm in Sources */ = {isa = PBXBuildFile; fileRef = 08FB7796FE84155DC02AAC07 /* video_gpu.mm */; settings = {ATTRIBUTES = (); }; };
		8DD76F9C0486AA7600D96B5E /* Foundation.framework in Frameworks */ = {isa = PBXBuildFile; fileRef = 08FB779EFE84155DC02AAC07 /* Foundation.framework */; };
		B7CD038B15276834002D52C2 /* Cocoa.framework in Frameworks */ = {isa = PBXBuildFile; fileRef = B7CD038A15276834002D52C2 /* Cocoa.framework */; };
		B7CD03E815276F7B002D52C2 /* libavcodec.a in Frameworks */ = {isa = PBXBuildFile; fileRef = B7CD03E715276F7B002D52C2 /* libavcodec.a */; };
		B7CD03EA15276F7F002D52C2 /* libavformat.a in Frameworks */ = {isa = PBXBuildFile; fileRef = B7CD03E915276F7F002D52C2 /* libavformat.a */; };
		B7CD03F115276F8D002D52C2 /* libswscale.a in Frameworks */ = {isa = PBXBuildFile; fileRef = B7CD03F015276F8D002D52C2 /* libswscale.a */; };
		B7CD043715277601002D52C2 /* libavutil.a in Frameworks */ = {isa = PBXBuildFile; fileRef = B7CD043615277601002D52C2 /* libavutil.a */; };
		B7CD04BA152784CA002D52C2 /* IOSurfaceTestView.m in Sources */ = {isa = PBXBuildFile; fileRef = B7CD04B8152784CA002D52C2 /* IOSurfaceTestView.m */; };
		B7CD04E715278B63002D52C2 /* OpenGL.framework in Frameworks */ = {isa = PBXBuildFile; fileRef = B7CD04E615278B63002D52C2 /* OpenGL.framework */; };
		B7CD050115278B6E002D52C2 /* IOSurface.framework in Frameworks */ = {isa = PBXBuildFile; fileRef = B7CD050015278B6E002D52C2 /* IOSurface.framework */; };
		B7CD052315290E56002D52C2 /* VideoDecodeAcceleration.framework in Frameworks */ = {isa = PBXBuildFile; fileRef = B7CD052215290E56002D52C2 /* VideoDecodeAcceleration.framework */; };
		B7CD054115290EA8002D52C2 /* CoreVideo.framework in Frameworks */ = {isa = PBXBuildFile; fileRef = B7CD054015290EA8002D52C2 /* CoreVideo.framework */; };
/* End PBXBuildFile section */

/* Begin PBXCopyFilesBuildPhase section */
		8DD76F9E0486AA7600D96B5E /* CopyFiles */ = {
			isa = PBXCopyFilesBuildPhase;
			buildActionMask = 8;
			dstPath = /usr/share/man/man1/;
			dstSubfolderSpec = 0;
			files = (
			);
			runOnlyForDeploymentPostprocessing = 1;
		};
/* End PBXCopyFilesBuildPhase section */

/* Begin PBXFileReference section */
		08FB7796FE84155DC02AAC07 /* video_gpu.mm */ = {isa = PBXFileReference; fileEncoding = 4; lastKnownFileType = sourcecode.cpp.objcpp; path = video_gpu.mm; sourceTree = "<group>"; };
		08FB779EFE84155DC02AAC07 /* Foundation.framework */ = {isa = PBXFileReference; lastKnownFileType = wrapper.framework; name = Foundation.framework; path = /System/Library/Frameworks/Foundation.framework; sourceTree = "<absolute>"; };
		8DD76FA10486AA7600D96B5E /* video_gpu */ = {isa = PBXFileReference; explicitFileType = "compiled.mach-o.executable"; includeInIndex = 0; path = video_gpu; sourceTree = BUILT_PRODUCTS_DIR; };
		B7CD038A15276834002D52C2 /* Cocoa.framework */ = {isa = PBXFileReference; lastKnownFileType = wrapper.framework; name = Cocoa.framework; path = /System/Library/Frameworks/Cocoa.framework; sourceTree = "<absolute>"; };
		B7CD03E715276F7B002D52C2 /* libavcodec.a */ = {isa = PBXFileReference; lastKnownFileType = archive.ar; name = libavcodec.a; path = /usr/local/lib/libavcodec.a; sourceTree = "<absolute>"; };
		B7CD03E915276F7F002D52C2 /* libavformat.a */ = {isa = PBXFileReference; lastKnownFileType = archive.ar; name = libavformat.a; path = /usr/local/lib/libavformat.a; sourceTree = "<absolute>"; };
		B7CD03F015276F8D002D52C2 /* libswscale.a */ = {isa = PBXFileReference; lastKnownFileType = archive.ar; name = libswscale.a; path = /usr/local/lib/libswscale.a; sourceTree = "<absolute>"; };
		B7CD043615277601002D52C2 /* libavutil.a */ = {isa = PBXFileReference; lastKnownFileType = archive.ar; name = libavutil.a; path = /usr/local/lib/libavutil.a; sourceTree = "<absolute>"; };
		B7CD04B8152784CA002D52C2 /* IOSurfaceTestView.m */ = {isa = PBXFileReference; fileEncoding = 4; lastKnownFileType = sourcecode.c.objc; path = IOSurfaceTestView.m; sourceTree = "<group>"; };
		B7CD04B9152784CA002D52C2 /* IOSurfaceTestView.h */ = {isa = PBXFileReference; fileEncoding = 4; lastKnownFileType = sourcecode.c.h; path = IOSurfaceTestView.h; sourceTree = "<group>"; };
		B7CD04E615278B63002D52C2 /* OpenGL.framework */ = {isa = PBXFileReference; lastKnownFileType = wrapper.framework; name = OpenGL.framework; path = /System/Library/Frameworks/OpenGL.framework; sourceTree = "<absolute>"; };
		B7CD050015278B6E002D52C2 /* IOSurface.framework */ = {isa = PBXFileReference; lastKnownFileType = wrapper.framework; name = IOSurface.framework; path = /System/Library/Frameworks/IOSurface.framework; sourceTree = "<absolute>"; };
		B7CD052215290E56002D52C2 /* VideoDecodeAcceleration.framework */ = {isa = PBXFileReference; lastKnownFileType = wrapper.framework; name = VideoDecodeAcceleration.framework; path = /System/Library/Frameworks/VideoDecodeAcceleration.framework; sourceTree = "<absolute>"; };
		B7CD054015290EA8002D52C2 /* CoreVideo.framework */ = {isa = PBXFileReference; lastKnownFileType = wrapper.framework; name = CoreVideo.framework; path = /System/Library/Frameworks/CoreVideo.framework; sourceTree = "<absolute>"; };
		B7CD086415296381002D52C2 /* util.h */ = {isa = PBXFileReference; fileEncoding = 4; lastKnownFileType = sourcecode.c.h; path = util.h; sourceTree = "<group>"; };
/* End PBXFileReference section */

/* Begin PBXFrameworksBuildPhase section */
		8DD76F9B0486AA7600D96B5E /* Frameworks */ = {
			isa = PBXFrameworksBuildPhase;
			buildActionMask = 2147483647;
			files = (
				8DD76F9C0486AA7600D96B5E /* Foundation.framework in Frameworks */,
				B7CD038B15276834002D52C2 /* Cocoa.framework in Frameworks */,
				B7CD03E815276F7B002D52C2 /* libavcodec.a in Frameworks */,
				B7CD03EA15276F7F002D52C2 /* libavformat.a in Frameworks */,
				B7CD03F115276F8D002D52C2 /* libswscale.a in Frameworks */,
				B7CD043715277601002D52C2 /* libavutil.a in Frameworks */,
				B7CD04E715278B63002D52C2 /* OpenGL.framework in Frameworks */,
				B7CD050115278B6E002D52C2 /* IOSurface.framework in Frameworks */,
				B7CD052315290E56002D52C2 /* VideoDecodeAcceleration.framework in Frameworks */,
				B7CD054115290EA8002D52C2 /* CoreVideo.framework in Frameworks */,
			);
			runOnlyForDeploymentPostprocessing = 0;
		};
/* End PBXFrameworksBuildPhase section */

/* Begin PBXGroup section */
		08FB7794FE84155DC02AAC07 /* video_cpu */ = {
			isa = PBXGroup;
			children = (
				08FB7796FE84155DC02AAC07 /* video_gpu.mm */,
				B7CD04B8152784CA002D52C2 /* IOSurfaceTestView.m */,
				B7CD04B9152784CA002D52C2 /* IOSurfaceTestView.h */,
				B7CD086415296381002D52C2 /* util.h */,
				08FB779DFE84155DC02AAC07 /* External Frameworks and Libraries */,
				1AB674ADFE9D54B511CA2CBB /* Products */,
			);
			name = video_cpu;
			sourceTree = "<group>";
		};
		08FB779DFE84155DC02AAC07 /* External Frameworks and Libraries */ = {
			isa = PBXGroup;
			children = (
				B7CD043615277601002D52C2 /* libavutil.a */,
				B7CD03F015276F8D002D52C2 /* libswscale.a */,
				B7CD03E915276F7F002D52C2 /* libavformat.a */,
				B7CD03E715276F7B002D52C2 /* libavcodec.a */,
				B7CD038A15276834002D52C2 /* Cocoa.framework */,
				08FB779EFE84155DC02AAC07 /* Foundation.framework */,
				B7CD04E615278B63002D52C2 /* OpenGL.framework */,
				B7CD050015278B6E002D52C2 /* IOSurface.framework */,
				B7CD052215290E56002D52C2 /* VideoDecodeAcceleration.framework */,
				B7CD054015290EA8002D52C2 /* CoreVideo.framework */,
			);
			name = "External Frameworks and Libraries";
			sourceTree = "<group>";
		};
		1AB674ADFE9D54B511CA2CBB /* Products */ = {
			isa = PBXGroup;
			children = (
				8DD76FA10486AA7600D96B5E /* video_gpu */,
			);
			name = Products;
			sourceTree = "<group>";
		};
/* End PBXGroup section */

/* Begin PBXNativeTarget section */
		8DD76F960486AA7600D96B5E /* video_gpu */ = {
			isa = PBXNativeTarget;
			buildConfigurationList = 1DEB927408733DD40010E9CD /* Build configuration list for PBXNativeTarget "video_gpu" */;
			buildPhases = (
				8DD76F990486AA7600D96B5E /* Sources */,
				8DD76F9B0486AA7600D96B5E /* Frameworks */,
				8DD76F9E0486AA7600D96B5E /* CopyFiles */,
			);
			buildRules = (
			);
			dependencies = (
			);
			name = video_gpu;
			productInstallPath = "$(HOME)/bin";
			productName = video_cpu;
			productReference = 8DD76FA10486AA7600D96B5E /* video_gpu */;
			productType = "com.apple.product-type.tool";
		};
/* End PBXNativeTarget section */

/* Begin PBXProject section */
		08FB7793FE84155DC02AAC07 /* Project object */ = {
			isa = PBXProject;
			buildConfigurationList = 1DEB927808733DD40010E9CD /* Build configuration list for PBXProject "video_gpu" */;
			compatibilityVersion = "Xcode 3.1";
			developmentRegion = English;
			hasScannedForEncodings = 1;
			knownRegions = (
				English,
				Japanese,
				French,
				German,
			);
			mainGroup = 08FB7794FE84155DC02AAC07 /* video_cpu */;
			projectDirPath = "";
			projectRoot = "";
			targets = (
				8DD76F960486AA7600D96B5E /* video_gpu */,
			);
		};
/* End PBXProject section */

/* Begin PBXSourcesBuildPhase section */
		8DD76F990486AA7600D96B5E /* Sources */ = {
			isa = PBXSourcesBuildPhase;
			buildActionMask = 2147483647;
			files = (
				8DD76F9A0486AA7600D96B5E /* video_gpu.mm in Sources */,
				B7CD04BA152784CA002D52C2 /* IOSurfaceTestView.m in Sources */,
			);
			runOnlyForDeploymentPostprocessing = 0;
		};
/* End PBXSourcesBuildPhase section */

/* Begin XCBuildConfiguration section */
		1DEB927508733DD40010E9CD /* Debug */ = {
			isa = XCBuildConfiguration;
			buildSettings = {
				ALWAYS_SEARCH_USER_PATHS = NO;
				COPY_PHASE_STRIP = NO;
				GCC_DYNAMIC_NO_PIC = NO;
				GCC_ENABLE_FIX_AND_CONTINUE = YES;
				GCC_MODEL_TUNING = G5;
				GCC_OPTIMIZATION_LEVEL = 0;
				GCC_PRECOMPILE_PREFIX_HEADER = NO;
				GCC_PREFIX_HEADER = "";
				HEADER_SEARCH_PATHS = /usr/local/include;
				INSTALL_PATH = /usr/local/bin;
				PRODUCT_NAME = video_gpu;
			};
			name = Debug;
		};
		1DEB927608733DD40010E9CD /* Release */ = {
			isa = XCBuildConfiguration;
			buildSettings = {
				ALWAYS_SEARCH_USER_PATHS = NO;
				DEBUG_INFORMATION_FORMAT = "dwarf-with-dsym";
				GCC_MODEL_TUNING = G5;
				GCC_PRECOMPILE_PREFIX_HEADER = YES;
				GCC_PREFIX_HEADER = video_cpu_Prefix.pch;
				INSTALL_PATH = /usr/local/bin;
				PRODUCT_NAME = video_cpu;
			};
			name = Release;
		};
		1DEB927908733DD40010E9CD /* Debug */ = {
			isa = XCBuildConfiguration;
			buildSettings = {
				ARCHS = "$(ARCHS_STANDARD_32_64_BIT)";
				GCC_C_LANGUAGE_STANDARD = gnu99;
				GCC_OPTIMIZATION_LEVEL = 0;
				GCC_WARN_ABOUT_RETURN_TYPE = YES;
				GCC_WARN_UNUSED_VARIABLE = YES;
				ONLY_ACTIVE_ARCH = YES;
				PREBINDING = NO;
				SDKROOT = macosx10.6;
			};
			name = Debug;
		};
		1DEB927A08733DD40010E9CD /* Release */ = {
			isa = XCBuildConfiguration;
			buildSettings = {
				ARCHS = "$(ARCHS_STANDARD_32_64_BIT)";
				GCC_C_LANGUAGE_STANDARD = gnu99;
				GCC_WARN_ABOUT_RETURN_TYPE = YES;
				GCC_WARN_UNUSED_VARIABLE = YES;
				PREBINDING = NO;
				SDKROOT = macosx10.6;
			};
			name = Release;
		};
/* End XCBuildConfiguration section */

/* Begin XCConfigurationList section */
		1DEB927408733DD40010E9CD /* Build configuration list for PBXNativeTarget "video_gpu" */ = {
			isa = XCConfigurationList;
			buildConfigurations = (
				1DEB927508733DD40010E9CD /* Debug */,
				1DEB927608733DD40010E9CD /* Release */,
			);
			defaultConfigurationIsVisible = 0;
			defaultConfigurationName = Release;
		};
		1DEB927808733DD40010E9CD /* Build configuration list for PBXProject "video_gpu" */ = {
			isa = XCConfigurationList;
			buildConfigurations = (
				1DEB927908733DD40010E9CD /* Debug */,
				1DEB927A08733DD40010E9CD /* Release */,
			);
			defaultConfigurationIsVisible = 0;
			defaultConfigurationName = Release;
		};
/* End XCConfigurationList section */
	};
	rootObject = 08FB7793FE84155DC02AAC07 /* Project object */;
}
